<?xml version="1.0" encoding="utf-8"?>
<Project ToolsVersion="4.0" xmlns="http://schemas.microsoft.com/developer/msbuild/2003">
  <ItemGroup>
    <ClCompile Include="audio_manager.cpp" />
    <ClCompile Include="BattleMachine.cpp" />
    <ClCompile Include="Character.cpp" />
    <ClCompile Include="Enemy.cpp" />
    <ClCompile Include="enterBattle.h" />
    <ClCompile Include="IntegerChangeMenu.cpp" />
    <ClCompile Include="main.cpp" />
    <ClCompile Include="Menu.cpp" />
    <ClCompile Include="Player.cpp" />
    <ClCompile Include="Utillities\utills.cpp" />
    <ClCompile Include="Shop.cpp" />
    <ClCompile Include="TalkingNPC.cpp" />
    <ClCompile Include="Game.cpp" />
    <ClCompile Include="Map.cpp" />
  </ItemGroup>
  <ItemGroup>
    <ClInclude Include="audio_manager.h" />
    <ClInclude Include="BattleMachine.h" />
    <ClInclude Include="Character.h" />
    <ClInclude Include="Enemy.h" />
    <ClInclude Include="IntegerChangeMenu.h" />
    <ClInclude Include="InventoryItem.h" />
    <ClInclude Include="manageInventory.h" />
    <ClInclude Include="Menu.h" />
    <ClInclude Include="miniaudio.h" />
    <ClInclude Include="Player.h" />
    <ClInclude Include="Utillities\structures.h" />
    <ClInclude Include="Utillities\utills.h" />
    <ClInclude Include="Shop.h" />
    <ClInclude Include="TalkingNPC.h" />
    <ClInclude Include="Game.h" />
    <ClInclude Include="Map.h" />
  </ItemGroup>
  <ItemGroup>
    <Media Include="shop_music.wav" />
    <Media Include="map_music1.wav" />
    <Media Include="battle_music1 (1).wav" />
    <Media Include="hit_effect.wav" />
    <Media Include="start3.wav" />
    <Media Include="heal_effect.wav" />
  </ItemGroup>
</Project>